#MicroXplorer Configuration settings - do not modify
Mcu.Family=STM32F7
ProjectManager.MainLocation=Core/Src
PA2.GPIO_PuPd=GPIO_PULLUP
RCC.USART1Freq_Value=100000000
VP_SYS_VS_tim6.Mode=TIM6
RCC.SAI1Freq_Value=192000000
RCC.CortexFreq_Value=200000000
ProjectManager.KeepUserCode=true
Mcu.UserName=STM32F746NGHx
NVIC.TIM6_DAC_IRQn=true\:0\:0\:false\:false\:true\:false\:false\:true
RCC.PLLCLKFreq_Value=200000000
RCC.PLLQCLKFreq_Value=44444444.44444445
ProjectManager.functionlistsort=1-MX_GPIO_Init-GPIO-false-HAL-true,2-SystemClock_Config-RCC-false-HAL-false,3-MX_ADC3_Init-ADC3-false-HAL-true,4-MX_CRC_Init-CRC-false-HAL-true,5-MX_DCMI_Init-DCMI-false-HAL-true,6-MX_DMA2D_Init-DMA2D-false-HAL-true,7-MX_ETH_Init-ETH-false-HAL-true,8-MX_FMC_Init-FMC-false-HAL-true,9-MX_I2C1_Init-I2C1-false-HAL-true,10-MX_I2C3_Init-I2C3-false-HAL-true,11-MX_LTDC_Init-LTDC-false-HAL-true,12-MX_QUADSPI_Init-QUADSPI-false-HAL-true,13-MX_RTC_Init-RTC-false-HAL-true,14-MX_SAI2_Init-SAI2-false-HAL-true,15-MX_SDMMC1_SD_Init-SDMMC1-false-HAL-true,16-MX_SPDIFRX_Init-SPDIFRX-false-HAL-true,17-MX_SPI2_Init-SPI2-false-HAL-true,18-MX_TIM1_Init-TIM1-false-HAL-true,19-MX_TIM2_Init-TIM2-false-HAL-true,20-MX_TIM3_Init-TIM3-false-HAL-true,21-MX_TIM5_Init-TIM5-false-HAL-true,22-MX_TIM8_Init-TIM8-false-HAL-true,23-MX_TIM12_Init-TIM12-false-HAL-true,24-MX_USART1_UART_Init-USART1-false-HAL-true,25-MX_USART6_UART_Init-USART6-false-HAL-true,26-MX_FATFS_Init-FATFS-false-HAL-false,27-MX_USB_HOST_Init-USB_HOST-false-HAL-false,0-MX_CORTEX_M7_Init-CORTEX_M7-false-HAL-true
CORTEX_M7.PREFETCH_ENABLE=1
RCC.PLLI2SRCLKFreq_Value=50000000
RCC.USART2Freq_Value=50000000
PG14.GPIOParameters=GPIO_PuPd
PC5.Mode=RMII
PG13.Signal=ETH_TXD0
PA2.GPIOParameters=GPIO_PuPd
PinOutPanel.RotationAngle=0
PG11.Signal=ETH_TX_EN
RCC.SYSCLKSource=RCC_SYSCLKSOURCE_PLLCLK
ProjectManager.StackSize=0x400
RCC.I2C3Freq_Value=50000000
RCC.LPTIM1Freq_Value=50000000
Mcu.IP4=NVIC
Mcu.IP5=RCC
RCC.FCLKCortexFreq_Value=200000000
Mcu.IP2=FREERTOS
NVIC.SVCall_IRQn=true\:0\:0\:false\:false\:false\:false\:false\:false
Mcu.IP3=LWIP
Mcu.IP0=CORTEX_M7
Mcu.IP1=ETH
Mcu.UserConstants=
PC1.GPIOParameters=GPIO_PuPd
RCC.PLL48CLockSelection=RCC_CLK48SOURCE_PLLSAIP
RCC.SDMMCFreq_Value=48000000
LWIP.IPParameters=LWIP_DNS
Mcu.ThirdPartyNb=0
PH0/OSC_IN.Mode=HSE-External-Oscillator
PG11.GPIO_PuPd=GPIO_PULLUP
RCC.HCLKFreq_Value=200000000
RCC.I2C4Freq_Value=50000000
Mcu.IPNb=7
RCC.PLLI2SRoutputFreq_Value=50000000
ProjectManager.PreviousToolchain=
RCC.APB2TimFreq_Value=200000000
RCC.SPDIFRXFreq_Value=50000000
PH1/OSC_OUT.Signal=RCC_OSC_OUT
Mcu.Pin6=PH1/OSC_OUT
RCC.SAI2Freq_Value=192000000
Mcu.Pin7=PC1
Mcu.Pin8=PA1
Mcu.Pin9=PC4
RCC.VCOSAIOutputFreq_Value=384000000
FREERTOS.IPParameters=Tasks01,configTOTAL_HEAP_SIZE,FootprintOK
PA1.GPIO_PuPd=GPIO_PULLUP
RCC.AHBFreq_Value=200000000
Mcu.Pin0=PG14
Mcu.Pin1=PA14
NVIC.ETH_IRQn=true\:5\:0\:false\:false\:true\:true\:false\:true
Mcu.Pin2=PA13
Mcu.Pin3=PG13
RCC.USART3Freq_Value=50000000
Mcu.Pin4=PG11
Mcu.Pin5=PH0/OSC_IN
RCC.PLLSAIRCLKFreq_Value=76800000
ProjectManager.ProjectBuild=false
RCC.HSE_VALUE=25000000
NVIC.UsageFault_IRQn=true\:0\:0\:false\:false\:true\:false\:false\:false
NVIC.DebugMonitor_IRQn=true\:0\:0\:false\:false\:true\:false\:false\:false
PC1.GPIO_PuPd=GPIO_PULLUP
NVIC.SysTick_IRQn=true\:15\:0\:false\:false\:false\:true\:false\:true
PG13.GPIO_PuPd=GPIO_PULLUP
PG14.Mode=RMII
ProjectManager.FirmwarePackage=STM32Cube FW_F7 V1.16.1
MxDb.Version=DB.6.0.20
PA1.GPIOParameters=GPIO_PuPd
ProjectManager.BackupPrevious=false
RCC.VCOInputFreq_Value=1000000
PA14.Mode=Serial_Wire
File.Version=6
PG13.Mode=RMII
NVIC.PendSV_IRQn=true\:15\:0\:false\:false\:false\:true\:false\:false
VP_FREERTOS_VS_CMSIS_V1.Mode=CMSIS_V1
PH1/OSC_OUT.Mode=HSE-External-Oscillator
ProjectManager.HalAssertFull=false
FREERTOS.configTOTAL_HEAP_SIZE=131072
ProjectManager.ProjectName=Eth_rus
RCC.MCO2PinFreq_Value=200000000
Mcu.Package=TFBGA216
RCC.SDMMCClockSelection=RCC_SDMMC1CLKSOURCE_CLK48
NVIC.TimeBase=TIM6_DAC_IRQn
PG13.GPIOParameters=GPIO_PuPd
ProjectManager.ToolChainLocation=
RCC.LSI_VALUE=32000
NVIC.TimeBaseIP=TIM6
FREERTOS.FootprintOK=true
RCC.PLLSAIN=384
RCC.PLLSAIP=RCC_PLLSAIP_DIV8
RCC.PLLSAIR=5
RCC.APB2CLKDivider=RCC_HCLK_DIV2
RCC.CECFreq_Value=32786.88524590164
RCC.APB1TimFreq_Value=100000000
NVIC.BusFault_IRQn=true\:0\:0\:false\:false\:true\:false\:false\:false
PC5.Signal=ETH_RXD1
ProjectManager.CustomerFirmwarePackage=
PC4.GPIOParameters=GPIO_PuPd
PC4.Mode=RMII
VP_LWIP_VS_Enabled.Signal=LWIP_VS_Enabled
RCC.PLLSAIQCLKFreq_Value=192000000
RCC.PLLSourceVirtual=RCC_PLLSOURCE_HSE
RCC.I2SFreq_Value=50000000
RCC.PLLQoutputFreq_Value=44444444.44444445
ProjectManager.ProjectFileName=Eth_rus.ioc
CORTEX_M7.CPU_ICache=Enabled
FREERTOS.Tasks01=defaultTask,0,256,StartDefaultTask,Default,NULL,Dynamic,NULL,NULL;netTask,-3,256,StartNetTask,Default,NULL,Dynamic,NULL,NULL
PA7.Mode=RMII
RCC.UART7Freq_Value=50000000
Mcu.PinsNb=16
ProjectManager.NoMain=false
PC4.GPIO_PuPd=GPIO_PULLUP
NVIC.SavedSvcallIrqHandlerGenerated=true
PC4.Signal=ETH_RXD0
ETH.MACAddr=10\:10\:10\:10\:10\:10
ProjectManager.DefaultFWLocation=true
ProjectManager.DeletePrevious=true
RCC.UART8Freq_Value=50000000
RCC.APB1CLKDivider=RCC_HCLK_DIV4
RCC.LCDTFToutputFreq_Value=9600000
PC5.GPIO_PuPd=GPIO_PULLUP
boardIOC=true
ETH.PhyAddress=0
PinOutPanel.CurrentBGAView=Top
RCC.FamilyName=M
VP_LWIP_VS_Enabled.Mode=Enabled
LWIP.LWIP_DNS=1
RCC.PLLSAIRDiv=RCC_PLLSAIDIVR_8
ETH.IPParameters=MediaInterface,MACAddr,PhyAddress
PA13.Signal=SYS_JTMS-SWDIO
VP_FREERTOS_VS_CMSIS_V1.Signal=FREERTOS_VS_CMSIS_V1
ProjectManager.TargetToolchain=STM32CubeIDE
RCC.USART6Freq_Value=100000000
CORTEX_M7.ART_ACCLERATOR_ENABLE=1
PC5.GPIOParameters=GPIO_PuPd
ProjectManager.RegisterCallBack=
RCC.USBFreq_Value=48000000
RCC.PLLSAIoutputFreq_Value=48000000
PA7.GPIO_PuPd=GPIO_PULLUP
PA1.Signal=ETH_REF_CLK
RCC.VCOI2SOutputFreq_Value=100000000
PG14.Signal=ETH_TXD1
RCC.PLLSAIPCLKFreq_Value=48000000
board=STM32F746G-DISCO
RCC.VCOOutputFreq_Value=400000000
ProjectManager.LastFirmware=true
PH0/OSC_IN.Signal=RCC_OSC_IN
VP_SYS_VS_tim6.Signal=SYS_VS_tim6
NVIC.SavedSystickIrqHandlerGenerated=true
RCC.APB2Freq_Value=100000000
PA1.Mode=RMII
RCC.UART4Freq_Value=50000000
MxCube.Version=6.2.0
RCC.I2C1Freq_Value=50000000
RCC.PLLI2SPCLKFreq_Value=50000000
RCC.RNGFreq_Value=48000000
RCC.EthernetFreq_Value=200000000
NVIC.NonMaskableInt_IRQn=true\:0\:0\:false\:false\:true\:false\:false\:false
RCC.UART5Freq_Value=50000000
PG14.GPIO_PuPd=GPIO_PULLUP
PA13.Mode=Serial_Wire
ProjectManager.FreePins=false
RCC.IPParameters=AHBFreq_Value,APB1CLKDivider,APB1Freq_Value,APB1TimFreq_Value,APB2CLKDivider,APB2Freq_Value,APB2TimFreq_Value,CECFreq_Value,CortexFreq_Value,EthernetFreq_Value,FCLKCortexFreq_Value,FamilyName,HCLKFreq_Value,HSE_VALUE,HSI_VALUE,I2C1Freq_Value,I2C2Freq_Value,I2C3Freq_Value,I2C4Freq_Value,I2SFreq_Value,LCDTFToutputFreq_Value,LPTIM1Freq_Value,LSI_VALUE,MCO2PinFreq_Value,PLL48CLockSelection,PLLCLKFreq_Value,PLLI2SN,PLLI2SPCLKFreq_Value,PLLI2SQCLKFreq_Value,PLLI2SRCLKFreq_Value,PLLI2SRoutputFreq_Value,PLLM,PLLN,PLLQ,PLLQCLKFreq_Value,PLLQoutputFreq_Value,PLLSAIN,PLLSAIP,PLLSAIPCLKFreq_Value,PLLSAIQCLKFreq_Value,PLLSAIR,PLLSAIRCLKFreq_Value,PLLSAIRDiv,PLLSAIoutputFreq_Value,PLLSourceVirtual,RNGFreq_Value,SAI1Freq_Value,SAI2Freq_Value,SDMMCClockSelection,SDMMCFreq_Value,SPDIFRXFreq_Value,SYSCLKFreq_VALUE,SYSCLKSource,UART4Freq_Value,UART5Freq_Value,UART7Freq_Value,UART8Freq_Value,USART1Freq_Value,USART2Freq_Value,USART3Freq_Value,USART6Freq_Value,USBFreq_Value,VCOI2SOutputFreq_Value,VCOInputFreq_Value,VCOOutputFreq_Value,VCOSAIOutputFreq_Value
ProjectManager.AskForMigrate=true
Mcu.Name=STM32F746NGHx
RCC.PLLI2SQCLKFreq_Value=50000000
NVIC.SavedPendsvIrqHandlerGenerated=true
PA2.Signal=ETH_MDIO
ProjectManager.UnderRoot=true
CORTEX_M7.IPParameters=CPU_ICache,CPU_DCache,ART_ACCLERATOR_ENABLE,PREFETCH_ENABLE
Mcu.IP6=SYS
ProjectManager.CoupleFile=false
RCC.SYSCLKFreq_VALUE=200000000
ETH.MediaInterface=ETH_MEDIA_INTERFACE_RMII
NVIC.ForceEnableDMAVector=true
KeepUserPlacement=false
NVIC.MemoryManagement_IRQn=true\:0\:0\:false\:false\:true\:false\:false\:false
ProjectManager.CompilerOptimize=6
PG11.Mode=RMII
PA14.Signal=SYS_JTCK-SWCLK
ProjectManager.HeapSize=0x200
Mcu.Pin15=VP_SYS_VS_tim6
NVIC.HardFault_IRQn=true\:0\:0\:false\:false\:true\:false\:false\:false
LWIP.Version=v2.1.2_Cube
Mcu.Pin13=VP_FREERTOS_VS_CMSIS_V1
Mcu.Pin14=VP_LWIP_VS_Enabled
ProjectManager.ComputerToolchain=false
RCC.HSI_VALUE=16000000
RCC.PLLQ=9
NVIC.PriorityGroup=NVIC_PRIORITYGROUP_4
Mcu.Pin11=PC5
Mcu.Pin12=PA7
RCC.PLLM=25
RCC.PLLN=400
Mcu.Pin10=PA2
PA2.Mode=RMII
CORTEX_M7.CPU_DCache=Disabled
RCC.I2C2Freq_Value=50000000
RCC.APB1Freq_Value=50000000
PA7.GPIOParameters=GPIO_PuPd
RCC.PLLI2SN=100
ProjectManager.DeviceId=STM32F746NGHx
PC1.Signal=ETH_MDC
ProjectManager.LibraryCopy=1
PG11.GPIOParameters=GPIO_PuPd
PC1.Mode=RMII
PA7.Signal=ETH_CRS_DV
isbadioc=false
